github.com/hugomods/icons v0.6.0 h1:G6RU93okhPPRDh/jqcew9gwkcYpSpg0rCBv4S6yUAFw=
github.com/hugomods/icons v0.6.0/go.mod h1:cIkSvK6W0q6N4U6n9KGz+QfRWQXAW0INd+1P31gPNGg=
github.com/hugomods/lucide-icons v0.288.0 h1:TmjBvRXRPFKScQXKfkFqrG0Tin/At3gKzIQ6TS7dNMQ=
github.com/hugomods/lucide-icons v0.288.0/go.mod h1:7loUmJrnD5umJ2sWSCb3AffZt0fYnSc1I+yBRjgHgw8=
github.com/hugomods/lucide-icons v0.289.0/go.mod h1:7loUmJrnD5umJ2sWSCb3AffZt0fYnSc1I+yBRjgHgw8=
github.com/hugomods/lucide-icons v0.290.0/go.mod h1:7loUmJrnD5umJ2sWSCb3AffZt0fYnSc1I+yBRjgHgw8=
github.com/hugomods/lucide-icons v0.291.0/go.mod h1:7loUmJrnD5umJ2sWSCb3AffZt0fYnSc1I+yBRjgHgw8=
