github.com/Templarian/MaterialDesign-SVG v7.2.96+incompatible h1:DZ/Vtkp86XyQNn7u44hfX+nQq7wVF/3OERFzlp6nJV0=
github.com/Templarian/MaterialDesign-SVG v7.2.96+incompatible/go.mod h1:SRSiaLOZazGp4UpKPQRm37h4A3cKLHXaybAqaJ7Lfx8=
github.com/Templarian/MaterialDesign-SVG v7.3.67+incompatible/go.mod h1:SRSiaLOZazGp4UpKPQRm37h4A3cKLHXaybAqaJ7Lfx8=
github.com/hugomods/icons v0.6.0 h1:G6RU93okhPPRDh/jqcew9gwkcYpSpg0rCBv4S6yUAFw=
github.com/hugomods/icons v0.6.0/go.mod h1:cIkSvK6W0q6N4U6n9KGz+QfRWQXAW0INd+1P31gPNGg=
