github.com/Templarian/MaterialDesign-SVG v7.1.96+incompatible h1:vrk2zodQffq5HHk4gMXG9X1WzwgFI/vAj39evqPgfRY=
github.com/Templarian/MaterialDesign-SVG v7.1.96+incompatible/go.mod h1:SRSiaLOZazGp4UpKPQRm37h4A3cKLHXaybAqaJ7Lfx8=
github.com/razonyang/hugo-mod-icons v0.4.0 h1:XbQHH1ok92+K6X/9D244NdmE7k7cHuVxh2nmjo/mvJQ=
github.com/razonyang/hugo-mod-icons v0.4.0/go.mod h1:4atUyrOOKz1CnywT6qdUy3KoK4hcsM/JnS/EvqDWgnY=
