github.com/hugomods/font-awesome v6.3.0+incompatible h1:DnDE1T73PxSfX3b1euTcKGLiubP18O8PtRYV6xREPaU=
github.com/hugomods/font-awesome v6.3.0+incompatible/go.mod h1:C2wW6xDvHkcMlJMVTPQ+Npt+rO0OGv13xT1iyll2z2Q=
github.com/hugomods/icons v0.6.0 h1:G6RU93okhPPRDh/jqcew9gwkcYpSpg0rCBv4S6yUAFw=
github.com/hugomods/icons v0.6.0/go.mod h1:cIkSvK6W0q6N4U6n9KGz+QfRWQXAW0INd+1P31gPNGg=
