github.com/hugomods/icons v0.6.0 h1:G6RU93okhPPRDh/jqcew9gwkcYpSpg0rCBv4S6yUAFw=
github.com/hugomods/icons v0.6.0/go.mod h1:cIkSvK6W0q6N4U6n9KGz+QfRWQXAW0INd+1P31gPNGg=
github.com/razonyang/font-awesome v6.3.0+incompatible h1:U03HLb86f0aNkzdH/+DXADoRIdDTpznE7xmGfLUnMac=
github.com/razonyang/font-awesome v6.3.0+incompatible/go.mod h1:li1mAV80SAwOkVTDs2gLrjYXhFBg/GxG41JnN2AkoQ0=
