github.com/feathericons/feather v4.29.0+incompatible h1:vytfRPRkM6BUK+dhTrLgHcXYO5Uv1A/FFn7/tzxA0vI=
github.com/feathericons/feather v4.29.0+incompatible/go.mod h1:+F8Ba9cmRHWu0pOVoZtid0iwkNJ8hr959HyPwj3hsRg=
github.com/razonyang/hugo-mod-icons v0.4.0 h1:XbQHH1ok92+K6X/9D244NdmE7k7cHuVxh2nmjo/mvJQ=
github.com/razonyang/hugo-mod-icons v0.4.0/go.mod h1:4atUyrOOKz1CnywT6qdUy3KoK4hcsM/JnS/EvqDWgnY=
