github.com/feathericons/feather v4.29.0+incompatible h1:vytfRPRkM6BUK+dhTrLgHcXYO5Uv1A/FFn7/tzxA0vI=
github.com/feathericons/feather v4.29.0+incompatible/go.mod h1:+F8Ba9cmRHWu0pOVoZtid0iwkNJ8hr959HyPwj3hsRg=
github.com/feathericons/feather v4.29.1+incompatible/go.mod h1:+F8Ba9cmRHWu0pOVoZtid0iwkNJ8hr959HyPwj3hsRg=
github.com/hugomods/icons v0.6.0 h1:G6RU93okhPPRDh/jqcew9gwkcYpSpg0rCBv4S6yUAFw=
github.com/hugomods/icons v0.6.0/go.mod h1:cIkSvK6W0q6N4U6n9KGz+QfRWQXAW0INd+1P31gPNGg=
