github.com/razonyang/hb v0.4.2 h1:XgzrbTeyrdEPT+mHj45KL4nLvONFy9hYjZ7lDy2HoiA=
github.com/razonyang/hb v0.4.2/go.mod h1:crYJai/LDZrBck1+kz2zVLq7Q2+Khuvo0pbMYDmNDtM=
github.com/razonyang/hb/modules/back-to-top v0.1.3 h1:zcjWtntUE5kZQL1SsKJCxlTCoIpXpm5ga/dGK87JkPg=
github.com/razonyang/hb/modules/back-to-top v0.1.3/go.mod h1:VeYbEZt9sfojnIfhas9kKXRwErznbYHy9Y2P5nitTVQ=
github.com/razonyang/hb/modules/base v0.3.4 h1:3YGcCR/4OMlV4EHf3lnZjdqGPk1OX8MIwbvQajplg+U=
github.com/razonyang/hb/modules/base v0.3.4/go.mod h1:rfidPXOv6nLUfBER02bFgfNd7sdgf30ZVX7vGK7vLxA=
github.com/razonyang/hb/modules/bootstrap v0.1.0 h1:XJJ+LCn/8Vu6g21ACYfbE0IkHcBVT279HY+QF+Yv5IA=
github.com/razonyang/hb/modules/bootstrap v0.1.0/go.mod h1:QCoMAZuDHz9/oDpy9FchkrOzlmhmEAPgV1VWvABKcUA=
github.com/razonyang/hb/modules/cloudflare-rocket-loader v0.1.1 h1:om8r1VY7dWNlfZokW/yzJcffDDr7RMFRUVb7++lB/sI=
github.com/razonyang/hb/modules/cloudflare-rocket-loader v0.1.1/go.mod h1:HkJ7wZmfvHQQhnhUzVkdI1eG5Bpr7qpl3tKtK+ioloo=
github.com/razonyang/hb/modules/code-block-panel v0.1.1 h1:BtzFwYBTXgD4j9SJFzPqf+INCfMb3lwKwO2YZMnF0Qo=
github.com/razonyang/hb/modules/code-block-panel v0.1.1/go.mod h1:0pd73yUEubuHSja8iJri2YmL+AkPsBD8QnMYeF9jyFY=
github.com/razonyang/hb/modules/docs v0.1.0 h1:CdSNQ1MTHi4wegMVxjB5lPqOntql15Ns8fNCv0BWifk=
github.com/razonyang/hb/modules/docs v0.1.0/go.mod h1:uC1mMpJ+rRJddakgWYJ6VMgC1wFJmF/atvB2i9zlajI=
github.com/razonyang/hb/modules/docs/modules/doc-nav v0.1.1 h1:IRSVyvGmQGNTPrZGLkqUiEj1c6I45AbKdOotcWh7Hbo=
github.com/razonyang/hb/modules/docs/modules/doc-nav v0.1.1/go.mod h1:zKrGEO/pf3mv5rSDA6Id37q2tL+1U/004eZQCaIxUw0=
github.com/razonyang/hb/modules/docs/modules/doc-nav v0.1.3/go.mod h1:zKrGEO/pf3mv5rSDA6Id37q2tL+1U/004eZQCaIxUw0=
github.com/razonyang/hb/modules/docs/modules/giscus v0.1.0 h1:LDZmJ/mSdZ9bLyBUymAAnruWQrjNAkBCM75s+xtIrzU=
github.com/razonyang/hb/modules/docs/modules/giscus v0.1.0/go.mod h1:aObKeriEQ0XLGvLt7eCw7SoGG4g1v0gXM2XtHFyLZXo=
github.com/razonyang/hb/modules/footer v0.2.3 h1:i7DO2PIwHfYo+kaEeTcVV15uxehuLx/2aGOdYI5ijD8=
github.com/razonyang/hb/modules/footer v0.2.3/go.mod h1:EsK5y6BHFb2bQ94nwbi/XKmOAq9Axs5BkBpxZ6ydEY0=
github.com/razonyang/hb/modules/footer/modules/socials v0.1.2 h1:jSPQlRs9lpDIQ/1V+BH/nJG7zJ31DLVK15gXHAV1U4Y=
github.com/razonyang/hb/modules/footer/modules/socials v0.1.2/go.mod h1:LTLmvR6wcdmneZKKyvCenYP08Wiqi5feyCPRSSp0mxs=
github.com/razonyang/hb/modules/header v0.1.8 h1:1lf5b79ZUFipBTQHqzUYZbfZVDSiqp3YVq/TltdbO5k=
github.com/razonyang/hb/modules/header v0.1.8/go.mod h1:YmZahPEMA0mXazZmZ4j7vB9zoAdZC7ak4Qws5CvVqbo=
github.com/razonyang/hb/modules/header/modules/language-picker v0.1.3 h1:dLrRX/avjVJw89tv99nUhu9E+hbjP3rALqRqnjrd0fI=
github.com/razonyang/hb/modules/header/modules/language-picker v0.1.3/go.mod h1:j6U3d7KWz3wKKb/9o7gWWjYwrF3zBC2FjrDL/SwxcSg=
github.com/razonyang/hb/modules/header/modules/search v0.1.3 h1:sdvSSlZ3MErsd77Hx2ALdTmbfkOComu85jrVJ0PyURw=
github.com/razonyang/hb/modules/header/modules/search v0.1.3/go.mod h1:g+bIQ/9Ur+R57htp7eqW2gc/GTFLtty2Eg5bpNgN4es=
github.com/razonyang/hb/modules/header/modules/socials v0.1.0 h1:p8EVJld6DBcAsB4ION9ugqVJhZdvMbO1AqQuySYRlGQ=
github.com/razonyang/hb/modules/header/modules/socials v0.1.0/go.mod h1:LhDv9UXxrJyh4s5yYChPR3a5RnRa7wLGmXoPNh9cm9k=
github.com/razonyang/hugo-mod-base v0.3.0 h1:+S1pYhACtACsxUIvvBHSP8KiCcqHW1kl+buSb5NyFJc=
github.com/razonyang/hugo-mod-base v0.3.0/go.mod h1:ZcaKeMZdNIRcijaDnpzluS5CJyUwWl42FEbtVo5UKZE=
github.com/razonyang/hugo-mod-search v0.14.1 h1:iSnlpm1sHVWf86dLG2FSTlNNtejTDbtsyk1ljQS/7XM=
github.com/razonyang/hugo-mod-search v0.14.1/go.mod h1:rlFETVHvlAXhq4Q/n+0CLttmhz72XdoY2IbOI5p8Bxg=
github.com/razonyang/hugo-mod-seo/modules/base v0.2.0 h1:RT6sCmy2VRyiQVHAOKmWETMd3a5NH0NIFUZqx7rjV0A=
github.com/razonyang/hugo-mod-seo/modules/base v0.2.0/go.mod h1:aUtXKObukremidQQellT5v8LfABlSMsUM3OYeut9Vxs=
github.com/razonyang/hugo-mod-snackbar v0.1.0 h1:efbJTjTwZTKKgJFxFjnDrmSyYIqX1IQGpqgibvg8Pv4=
github.com/razonyang/hugo-mod-snackbar v0.1.0/go.mod h1:oyxNmVVSd7ftc/LAVpwOM0HyHX68PDkFc2FOgYZWd3E=
