github.com/hugomods/icons v0.6.0 h1:G6RU93okhPPRDh/jqcew9gwkcYpSpg0rCBv4S6yUAFw=
github.com/hugomods/icons v0.6.0/go.mod h1:cIkSvK6W0q6N4U6n9KGz+QfRWQXAW0INd+1P31gPNGg=
github.com/tabler/tabler-icons v2.19.0+incompatible h1:V0AeCJF4uVzzV4TbOab1CcWJlF+8ahGWYUCxQ251504=
github.com/tabler/tabler-icons v2.19.0+incompatible/go.mod h1:Ap75CRdhXxprnUnPlUCRLvJ2pIFNqwxIipj3GfD6XHE=
github.com/tabler/tabler-icons v2.20.0+incompatible/go.mod h1:Ap75CRdhXxprnUnPlUCRLvJ2pIFNqwxIipj3GfD6XHE=
