github.com/razonyang/hugo-mod-icons v0.2.0 h1:xEeFV2bZnimG5KH+l0yWWYtq9doJODBM/IpX6DVB8xY=
github.com/razonyang/hugo-mod-icons v0.2.0/go.mod h1:4atUyrOOKz1CnywT6qdUy3KoK4hcsM/JnS/EvqDWgnY=
github.com/simple-icons/simple-icons v0.0.0-20221211155417-72095f401874 h1:aA4Imk8JdudoWa/9fxKCGJCb1yEhUYca2NMtQGkkQzk=
github.com/simple-icons/simple-icons v0.0.0-20221211155417-72095f401874/go.mod h1:oOgUUt8yVYOso/wEBi2ojfZP2MU/xxiNccIpaE+jCvE=
