github.com/hugomods/icons v0.6.0 h1:G6RU93okhPPRDh/jqcew9gwkcYpSpg0rCBv4S6yUAFw=
github.com/hugomods/icons v0.6.0/go.mod h1:cIkSvK6W0q6N4U6n9KGz+QfRWQXAW0INd+1P31gPNGg=
github.com/razonyang/simple-icons v8.7.0+incompatible h1:fnbLe5V/PXpvWBfiyGIUKdH6kHqgH7irsFTZYhW3KAo=
github.com/razonyang/simple-icons v8.7.0+incompatible/go.mod h1:wQqQhbcK5GWujo4xzio0cQMufqwFVjjU+g3TwHd2iYU=
